
Microsoft Visual Studio Solution File, Format Version 12.00
# Visual Studio Version 17
VisualStudioVersion = 17.10.35027.167
MinimumVisualStudioVersion = 10.0.40219.1
Project("{FAE04EC0-301F-11D3-BF4B-00C04F79EFBC}") = "ForOrnekleri", "ForOrnekleri\ForOrnekleri.csproj", "{DFF83D69-B9B5-4936-91CC-4A93EA02BD2E}"
EndProject
Global
	GlobalSection(SolutionConfigurationPlatforms) = preSolution
		Debug|Any CPU = Debug|Any CPU
		Release|Any CPU = Release|Any CPU
	EndGlobalSection
	GlobalSection(ProjectConfigurationPlatforms) = postSolution
		{DFF83D69-B9B5-4936-91CC-4A93EA02BD2E}.Debug|Any CPU.ActiveCfg = Debug|Any CPU
		{DFF83D69-B9B5-4936-91CC-4A93EA02BD2E}.Debug|Any CPU.Build.0 = Debug|Any CPU
		{DFF83D69-B9B5-4936-91CC-4A93EA02BD2E}.Release|Any CPU.ActiveCfg = Release|Any CPU
		{DFF83D69-B9B5-4936-91CC-4A93EA02BD2E}.Release|Any CPU.Build.0 = Release|Any CPU
	EndGlobalSection
	GlobalSection(SolutionProperties) = preSolution
		HideSolutionNode = FALSE
	EndGlobalSection
	GlobalSection(ExtensibilityGlobals) = postSolution
		SolutionGuid = {F2916815-ADBD-42E2-A32E-DDB92D6F0A31}
	EndGlobalSection
EndGlobal
